
Microsoft Visual Studio Solution File, Format Version 12.00
# Visual Studio 15
Project("{FAE04EC0-301F-11D3-BF4B-00C04F79EFBC}") = "Assembly-CSharp", "Assembly-CSharp.csproj", "{55568224-83B4-C9E1-E9F8-CB4E3D2CAD28}"
EndProject
Global
	GlobalSection(SolutionConfigurationPlatforms) = preSolution
		Debug|Any CPU = Debug|Any CPU
		Release|Any CPU = Release|Any CPU
	EndGlobalSection
	GlobalSection(ProjectConfigurationPlatforms) = postSolution
		{55568224-83B4-C9E1-E9F8-CB4E3D2CAD28}.Debug|Any CPU.ActiveCfg = Debug|Any CPU
		{55568224-83B4-C9E1-E9F8-CB4E3D2CAD28}.Debug|Any CPU.Build.0 = Debug|Any CPU
		{55568224-83B4-C9E1-E9F8-CB4E3D2CAD28}.Release|Any CPU.ActiveCfg = Release|Any CPU
		{55568224-83B4-C9E1-E9F8-CB4E3D2CAD28}.Release|Any CPU.Build.0 = Release|Any CPU
	EndGlobalSection
	GlobalSection(SolutionProperties) = preSolution
		HideSolutionNode = FALSE
	EndGlobalSection
EndGlobal
